
Microsoft Visual Studio Solution File, Format Version 12.00
# Visual Studio 2012
Project("{FAE04EC0-301F-11D3-BF4B-00C04F79EFBC}") = "FreeLancers.DAL", "FreeLancers.DAL\FreeLancers.DAL.csproj", "{7843161F-3298-47AD-9ED7-73341A84DE2C}"
EndProject
Project("{FAE04EC0-301F-11D3-BF4B-00C04F79EFBC}") = "Freelancers.BLL", "Freelancers.BLL\Freelancers.BLL.csproj", "{5F5954F6-4DC7-4269-B650-8F6BE5C24F66}"
EndProject
Project("{FAE04EC0-301F-11D3-BF4B-00C04F79EFBC}") = "FreeLancers.Models", "FreeLancers.Models\FreeLancers.Models.csproj", "{8DB99CBC-BB87-4CC4-89F1-D2A2560C5974}"
EndProject
Project("{FAE04EC0-301F-11D3-BF4B-00C04F79EFBC}") = "FreeLancers.Service.Contracts", "FreeLancers.Services.Contracts\FreeLancers.Service.Contracts.csproj", "{15B3E0D2-6217-493A-A690-158C497F5318}"
EndProject
Project("{FAE04EC0-301F-11D3-BF4B-00C04F79EFBC}") = "FreeLancers.Service", "FreeLancer.Services\FreeLancers.Service.csproj", "{45550B28-D851-4283-8E9E-1866C8CDB8E3}"
EndProject
Project("{FAE04EC0-301F-11D3-BF4B-00C04F79EFBC}") = "FreeLancers.UI", "FreeLancers.UI\FreeLancers.UI.csproj", "{22B9B648-694D-4857-A9E7-868C6B1B0E41}"
EndProject
Project("{2150E333-8FDC-42A3-9474-1A3956D46DE8}") = ".nuget", ".nuget", "{3B538212-E130-4758-854F-A88C1F725E0C}"
	ProjectSection(SolutionItems) = preProject
		.nuget\NuGet.Config = .nuget\NuGet.Config
		.nuget\NuGet.exe = .nuget\NuGet.exe
		.nuget\NuGet.targets = .nuget\NuGet.targets
	EndProjectSection
EndProject
Global
	GlobalSection(SolutionConfigurationPlatforms) = preSolution
		Debug|Any CPU = Debug|Any CPU
		Release|Any CPU = Release|Any CPU
	EndGlobalSection
	GlobalSection(ProjectConfigurationPlatforms) = postSolution
		{7843161F-3298-47AD-9ED7-73341A84DE2C}.Debug|Any CPU.ActiveCfg = Debug|Any CPU
		{7843161F-3298-47AD-9ED7-73341A84DE2C}.Debug|Any CPU.Build.0 = Debug|Any CPU
		{7843161F-3298-47AD-9ED7-73341A84DE2C}.Release|Any CPU.ActiveCfg = Release|Any CPU
		{7843161F-3298-47AD-9ED7-73341A84DE2C}.Release|Any CPU.Build.0 = Release|Any CPU
		{5F5954F6-4DC7-4269-B650-8F6BE5C24F66}.Debug|Any CPU.ActiveCfg = Debug|Any CPU
		{5F5954F6-4DC7-4269-B650-8F6BE5C24F66}.Debug|Any CPU.Build.0 = Debug|Any CPU
		{5F5954F6-4DC7-4269-B650-8F6BE5C24F66}.Release|Any CPU.ActiveCfg = Release|Any CPU
		{5F5954F6-4DC7-4269-B650-8F6BE5C24F66}.Release|Any CPU.Build.0 = Release|Any CPU
		{8DB99CBC-BB87-4CC4-89F1-D2A2560C5974}.Debug|Any CPU.ActiveCfg = Debug|Any CPU
		{8DB99CBC-BB87-4CC4-89F1-D2A2560C5974}.Debug|Any CPU.Build.0 = Debug|Any CPU
		{8DB99CBC-BB87-4CC4-89F1-D2A2560C5974}.Release|Any CPU.ActiveCfg = Release|Any CPU
		{8DB99CBC-BB87-4CC4-89F1-D2A2560C5974}.Release|Any CPU.Build.0 = Release|Any CPU
		{15B3E0D2-6217-493A-A690-158C497F5318}.Debug|Any CPU.ActiveCfg = Debug|Any CPU
		{15B3E0D2-6217-493A-A690-158C497F5318}.Debug|Any CPU.Build.0 = Debug|Any CPU
		{15B3E0D2-6217-493A-A690-158C497F5318}.Release|Any CPU.ActiveCfg = Release|Any CPU
		{15B3E0D2-6217-493A-A690-158C497F5318}.Release|Any CPU.Build.0 = Release|Any CPU
		{45550B28-D851-4283-8E9E-1866C8CDB8E3}.Debug|Any CPU.ActiveCfg = Debug|Any CPU
		{45550B28-D851-4283-8E9E-1866C8CDB8E3}.Debug|Any CPU.Build.0 = Debug|Any CPU
		{45550B28-D851-4283-8E9E-1866C8CDB8E3}.Release|Any CPU.ActiveCfg = Release|Any CPU
		{45550B28-D851-4283-8E9E-1866C8CDB8E3}.Release|Any CPU.Build.0 = Release|Any CPU
		{22B9B648-694D-4857-A9E7-868C6B1B0E41}.Debug|Any CPU.ActiveCfg = Debug|Any CPU
		{22B9B648-694D-4857-A9E7-868C6B1B0E41}.Debug|Any CPU.Build.0 = Debug|Any CPU
		{22B9B648-694D-4857-A9E7-868C6B1B0E41}.Release|Any CPU.ActiveCfg = Release|Any CPU
		{22B9B648-694D-4857-A9E7-868C6B1B0E41}.Release|Any CPU.Build.0 = Release|Any CPU
	EndGlobalSection
	GlobalSection(SolutionProperties) = preSolution
		HideSolutionNode = FALSE
	EndGlobalSection
EndGlobal
